// !$*UTF8*$!
{
	archiveVersion = 1;
	classes = {
	};
	objectVersion = 50;
	objects = {

/* Begin PBXBuildFile section */
		B546A78525F24A7500F5F80F /* Contact.swift in Sources */ = {isa = PBXBuildFile; fileRef = B546A78425F24A7500F5F80F /* Contact.swift */; };
		B555C57525E8C09B001A5095 /* AppDelegate.swift in Sources */ = {isa = PBXBuildFile; fileRef = B555C57425E8C09B001A5095 /* AppDelegate.swift */; };
		B555C57725E8C09B001A5095 /* SceneDelegate.swift in Sources */ = {isa = PBXBuildFile; fileRef = B555C57625E8C09B001A5095 /* SceneDelegate.swift */; };
		B555C57C25E8C09B001A5095 /* Main.storyboard in Resources */ = {isa = PBXBuildFile; fileRef = B555C57A25E8C09B001A5095 /* Main.storyboard */; };
		B555C57E25E8C0AD001A5095 /* Assets.xcassets in Resources */ = {isa = PBXBuildFile; fileRef = B555C57D25E8C0AD001A5095 /* Assets.xcassets */; };
		B555C58125E8C0AD001A5095 /* LaunchScreen.storyboard in Resources */ = {isa = PBXBuildFile; fileRef = B555C57F25E8C0AD001A5095 /* LaunchScreen.storyboard */; };
		B555C58C25E8C0AE001A5095 /* app4_Abdinajib_MohamedTests.swift in Sources */ = {isa = PBXBuildFile; fileRef = B555C58B25E8C0AE001A5095 /* app4_Abdinajib_MohamedTests.swift */; };
		B555C59725E8C0AE001A5095 /* app4_Abdinajib_MohamedUITests.swift in Sources */ = {isa = PBXBuildFile; fileRef = B555C59625E8C0AE001A5095 /* app4_Abdinajib_MohamedUITests.swift */; };
		B555C5B025E8D25A001A5095 /* ACVCViewController.swift in Sources */ = {isa = PBXBuildFile; fileRef = B555C5AF25E8D25A001A5095 /* ACVCViewController.swift */; };
		B555C5B525E8D27A001A5095 /* CTVCViewController.swift in Sources */ = {isa = PBXBuildFile; fileRef = B555C5B425E8D27A001A5095 /* CTVCViewController.swift */; };
		B555C5BA25E8D2A6001A5095 /* DVCViewController.swift in Sources */ = {isa = PBXBuildFile; fileRef = B555C5B925E8D2A6001A5095 /* DVCViewController.swift */; };
/* End PBXBuildFile section */

/* Begin PBXContainerItemProxy section */
		B555C58825E8C0AE001A5095 /* PBXContainerItemProxy */ = {
			isa = PBXContainerItemProxy;
			containerPortal = B555C56925E8C09B001A5095 /* Project object */;
			proxyType = 1;
			remoteGlobalIDString = B555C57025E8C09B001A5095;
			remoteInfo = "app4-Abdinajib-Mohamed";
		};
		B555C59325E8C0AE001A5095 /* PBXContainerItemProxy */ = {
			isa = PBXContainerItemProxy;
			containerPortal = B555C56925E8C09B001A5095 /* Project object */;
			proxyType = 1;
			remoteGlobalIDString = B555C57025E8C09B001A5095;
			remoteInfo = "app4-Abdinajib-Mohamed";
		};
/* End PBXContainerItemProxy section */

/* Begin PBXFileReference section */
		B546A78425F24A7500F5F80F /* Contact.swift */ = {isa = PBXFileReference; lastKnownFileType = sourcecode.swift; path = Contact.swift; sourceTree = "<group>"; };
		B555C57125E8C09B001A5095 /* app4-Abdinajib-Mohamed.app */ = {isa = PBXFileReference; explicitFileType = wrapper.application; includeInIndex = 0; path = "app4-Abdinajib-Mohamed.app"; sourceTree = BUILT_PRODUCTS_DIR; };
		B555C57425E8C09B001A5095 /* AppDelegate.swift */ = {isa = PBXFileReference; lastKnownFileType = sourcecode.swift; path = AppDelegate.swift; sourceTree = "<group>"; };
		B555C57625E8C09B001A5095 /* SceneDelegate.swift */ = {isa = PBXFileReference; lastKnownFileType = sourcecode.swift; path = SceneDelegate.swift; sourceTree = "<group>"; };
		B555C57B25E8C09B001A5095 /* Base */ = {isa = PBXFileReference; lastKnownFileType = file.storyboard; name = Base; path = Base.lproj/Main.storyboard; sourceTree = "<group>"; };
		B555C57D25E8C0AD001A5095 /* Assets.xcassets */ = {isa = PBXFileReference; lastKnownFileType = folder.assetcatalog; path = Assets.xcassets; sourceTree = "<group>"; };
		B555C58025E8C0AD001A5095 /* Base */ = {isa = PBXFileReference; lastKnownFileType = file.storyboard; name = Base; path = Base.lproj/LaunchScreen.storyboard; sourceTree = "<group>"; };
		B555C58225E8C0AD001A5095 /* Info.plist */ = {isa = PBXFileReference; lastKnownFileType = text.plist.xml; path = Info.plist; sourceTree = "<group>"; };
		B555C58725E8C0AE001A5095 /* app4-Abdinajib-MohamedTests.xctest */ = {isa = PBXFileReference; explicitFileType = wrapper.cfbundle; includeInIndex = 0; path = "app4-Abdinajib-MohamedTests.xctest"; sourceTree = BUILT_PRODUCTS_DIR; };
		B555C58B25E8C0AE001A5095 /* app4_Abdinajib_MohamedTests.swift */ = {isa = PBXFileReference; lastKnownFileType = sourcecode.swift; path = app4_Abdinajib_MohamedTests.swift; sourceTree = "<group>"; };
		B555C58D25E8C0AE001A5095 /* Info.plist */ = {isa = PBXFileReference; lastKnownFileType = text.plist.xml; path = Info.plist; sourceTree = "<group>"; };
		B555C59225E8C0AE001A5095 /* app4-Abdinajib-MohamedUITests.xctest */ = {isa = PBXFileReference; explicitFileType = wrapper.cfbundle; includeInIndex = 0; path = "app4-Abdinajib-MohamedUITests.xctest"; sourceTree = BUILT_PRODUCTS_DIR; };
		B555C59625E8C0AE001A5095 /* app4_Abdinajib_MohamedUITests.swift */ = {isa = PBXFileReference; lastKnownFileType = sourcecode.swift; path = app4_Abdinajib_MohamedUITests.swift; sourceTree = "<group>"; };
		B555C59825E8C0AE001A5095 /* Info.plist */ = {isa = PBXFileReference; lastKnownFileType = text.plist.xml; path = Info.plist; sourceTree = "<group>"; };
		B555C5AF25E8D25A001A5095 /* ACVCViewController.swift */ = {isa = PBXFileReference; lastKnownFileType = sourcecode.swift; path = ACVCViewController.swift; sourceTree = "<group>"; };
		B555C5B425E8D27A001A5095 /* CTVCViewController.swift */ = {isa = PBXFileReference; lastKnownFileType = sourcecode.swift; path = CTVCViewController.swift; sourceTree = "<group>"; };
		B555C5B925E8D2A6001A5095 /* DVCViewController.swift */ = {isa = PBXFileReference; lastKnownFileType = sourcecode.swift; path = DVCViewController.swift; sourceTree = "<group>"; };
/* End PBXFileReference section */

/* Begin PBXFrameworksBuildPhase section */
		B555C56E25E8C09B001A5095 /* Frameworks */ = {
			isa = PBXFrameworksBuildPhase;
			buildActionMask = 2147483647;
			files = (
			);
			runOnlyForDeploymentPostprocessing = 0;
		};
		B555C58425E8C0AE001A5095 /* Frameworks */ = {
			isa = PBXFrameworksBuildPhase;
			buildActionMask = 2147483647;
			files = (
			);
			runOnlyForDeploymentPostprocessing = 0;
		};
		B555C58F25E8C0AE001A5095 /* Frameworks */ = {
			isa = PBXFrameworksBuildPhase;
			buildActionMask = 2147483647;
			files = (
			);
			runOnlyForDeploymentPostprocessing = 0;
		};
/* End PBXFrameworksBuildPhase section */

/* Begin PBXGroup section */
		B555C56825E8C09B001A5095 = {
			isa = PBXGroup;
			children = (
				B555C57325E8C09B001A5095 /* app4-Abdinajib-Mohamed */,
				B555C58A25E8C0AE001A5095 /* app4-Abdinajib-MohamedTests */,
				B555C59525E8C0AE001A5095 /* app4-Abdinajib-MohamedUITests */,
				B555C57225E8C09B001A5095 /* Products */,
			);
			sourceTree = "<group>";
		};
		B555C57225E8C09B001A5095 /* Products */ = {
			isa = PBXGroup;
			children = (
				B555C57125E8C09B001A5095 /* app4-Abdinajib-Mohamed.app */,
				B555C58725E8C0AE001A5095 /* app4-Abdinajib-MohamedTests.xctest */,
				B555C59225E8C0AE001A5095 /* app4-Abdinajib-MohamedUITests.xctest */,
			);
			name = Products;
			sourceTree = "<group>";
		};
		B555C57325E8C09B001A5095 /* app4-Abdinajib-Mohamed */ = {
			isa = PBXGroup;
			children = (
				B555C57425E8C09B001A5095 /* AppDelegate.swift */,
				B555C57625E8C09B001A5095 /* SceneDelegate.swift */,
				B555C57A25E8C09B001A5095 /* Main.storyboard */,
				B555C5AF25E8D25A001A5095 /* ACVCViewController.swift */,
				B555C5B425E8D27A001A5095 /* CTVCViewController.swift */,
				B555C5B925E8D2A6001A5095 /* DVCViewController.swift */,
				B555C57D25E8C0AD001A5095 /* Assets.xcassets */,
				B555C57F25E8C0AD001A5095 /* LaunchScreen.storyboard */,
				B555C58225E8C0AD001A5095 /* Info.plist */,
				B546A78425F24A7500F5F80F /* Contact.swift */,
			);
			path = "app4-Abdinajib-Mohamed";
			sourceTree = "<group>";
		};
		B555C58A25E8C0AE001A5095 /* app4-Abdinajib-MohamedTests */ = {
			isa = PBXGroup;
			children = (
				B555C58B25E8C0AE001A5095 /* app4_Abdinajib_MohamedTests.swift */,
				B555C58D25E8C0AE001A5095 /* Info.plist */,
			);
			path = "app4-Abdinajib-MohamedTests";
			sourceTree = "<group>";
		};
		B555C59525E8C0AE001A5095 /* app4-Abdinajib-MohamedUITests */ = {
			isa = PBXGroup;
			children = (
				B555C59625E8C0AE001A5095 /* app4_Abdinajib_MohamedUITests.swift */,
				B555C59825E8C0AE001A5095 /* Info.plist */,
			);
			path = "app4-Abdinajib-MohamedUITests";
			sourceTree = "<group>";
		};
/* End PBXGroup section */

/* Begin PBXNativeTarget section */
		B555C57025E8C09B001A5095 /* app4-Abdinajib-Mohamed */ = {
			isa = PBXNativeTarget;
			buildConfigurationList = B555C59B25E8C0AE001A5095 /* Build configuration list for PBXNativeTarget "app4-Abdinajib-Mohamed" */;
			buildPhases = (
				B555C56D25E8C09B001A5095 /* Sources */,
				B555C56E25E8C09B001A5095 /* Frameworks */,
				B555C56F25E8C09B001A5095 /* Resources */,
			);
			buildRules = (
			);
			dependencies = (
			);
			name = "app4-Abdinajib-Mohamed";
			productName = "app4-Abdinajib-Mohamed";
			productReference = B555C57125E8C09B001A5095 /* app4-Abdinajib-Mohamed.app */;
			productType = "com.apple.product-type.application";
		};
		B555C58625E8C0AE001A5095 /* app4-Abdinajib-MohamedTests */ = {
			isa = PBXNativeTarget;
			buildConfigurationList = B555C59E25E8C0AE001A5095 /* Build configuration list for PBXNativeTarget "app4-Abdinajib-MohamedTests" */;
			buildPhases = (
				B555C58325E8C0AE001A5095 /* Sources */,
				B555C58425E8C0AE001A5095 /* Frameworks */,
				B555C58525E8C0AE001A5095 /* Resources */,
			);
			buildRules = (
			);
			dependencies = (
				B555C58925E8C0AE001A5095 /* PBXTargetDependency */,
			);
			name = "app4-Abdinajib-MohamedTests";
			productName = "app4-Abdinajib-MohamedTests";
			productReference = B555C58725E8C0AE001A5095 /* app4-Abdinajib-MohamedTests.xctest */;
			productType = "com.apple.product-type.bundle.unit-test";
		};
		B555C59125E8C0AE001A5095 /* app4-Abdinajib-MohamedUITests */ = {
			isa = PBXNativeTarget;
			buildConfigurationList = B555C5A125E8C0AE001A5095 /* Build configuration list for PBXNativeTarget "app4-Abdinajib-MohamedUITests" */;
			buildPhases = (
				B555C58E25E8C0AE001A5095 /* Sources */,
				B555C58F25E8C0AE001A5095 /* Frameworks */,
				B555C59025E8C0AE001A5095 /* Resources */,
			);
			buildRules = (
			);
			dependencies = (
				B555C59425E8C0AE001A5095 /* PBXTargetDependency */,
			);
			name = "app4-Abdinajib-MohamedUITests";
			productName = "app4-Abdinajib-MohamedUITests";
			productReference = B555C59225E8C0AE001A5095 /* app4-Abdinajib-MohamedUITests.xctest */;
			productType = "com.apple.product-type.bundle.ui-testing";
		};
/* End PBXNativeTarget section */

/* Begin PBXProject section */
		B555C56925E8C09B001A5095 /* Project object */ = {
			isa = PBXProject;
			attributes = {
				LastSwiftUpdateCheck = 1240;
				LastUpgradeCheck = 1240;
				TargetAttributes = {
					B555C57025E8C09B001A5095 = {
						CreatedOnToolsVersion = 12.4;
					};
					B555C58625E8C0AE001A5095 = {
						CreatedOnToolsVersion = 12.4;
						TestTargetID = B555C57025E8C09B001A5095;
					};
					B555C59125E8C0AE001A5095 = {
						CreatedOnToolsVersion = 12.4;
						TestTargetID = B555C57025E8C09B001A5095;
					};
				};
			};
			buildConfigurationList = B555C56C25E8C09B001A5095 /* Build configuration list for PBXProject "app4-Abdinajib-Mohamed" */;
			compatibilityVersion = "Xcode 9.3";
			developmentRegion = en;
			hasScannedForEncodings = 0;
			knownRegions = (
				en,
				Base,
			);
			mainGroup = B555C56825E8C09B001A5095;
			productRefGroup = B555C57225E8C09B001A5095 /* Products */;
			projectDirPath = "";
			projectRoot = "";
			targets = (
				B555C57025E8C09B001A5095 /* app4-Abdinajib-Mohamed */,
				B555C58625E8C0AE001A5095 /* app4-Abdinajib-MohamedTests */,
				B555C59125E8C0AE001A5095 /* app4-Abdinajib-MohamedUITests */,
			);
		};
/* End PBXProject section */

/* Begin PBXResourcesBuildPhase section */
		B555C56F25E8C09B001A5095 /* Resources */ = {
			isa = PBXResourcesBuildPhase;
			buildActionMask = 2147483647;
			files = (
				B555C58125E8C0AD001A5095 /* LaunchScreen.storyboard in Resources */,
				B555C57E25E8C0AD001A5095 /* Assets.xcassets in Resources */,
				B555C57C25E8C09B001A5095 /* Main.storyboard in Resources */,
			);
			runOnlyForDeploymentPostprocessing = 0;
		};
		B555C58525E8C0AE001A5095 /* Resources */ = {
			isa = PBXResourcesBuildPhase;
			buildActionMask = 2147483647;
			files = (
			);
			runOnlyForDeploymentPostprocessing = 0;
		};
		B555C59025E8C0AE001A5095 /* Resources */ = {
			isa = PBXResourcesBuildPhase;
			buildActionMask = 2147483647;
			files = (
			);
			runOnlyForDeploymentPostprocessing = 0;
		};
/* End PBXResourcesBuildPhase section */

/* Begin PBXSourcesBuildPhase section */
		B555C56D25E8C09B001A5095 /* Sources */ = {
			isa = PBXSourcesBuildPhase;
			buildActionMask = 2147483647;
			files = (
				B555C5BA25E8D2A6001A5095 /* DVCViewController.swift in Sources */,
				B555C5B525E8D27A001A5095 /* CTVCViewController.swift in Sources */,
				B546A78525F24A7500F5F80F /* Contact.swift in Sources */,
				B555C57525E8C09B001A5095 /* AppDelegate.swift in Sources */,
				B555C57725E8C09B001A5095 /* SceneDelegate.swift in Sources */,
				B555C5B025E8D25A001A5095 /* ACVCViewController.swift in Sources */,
			);
			runOnlyForDeploymentPostprocessing = 0;
		};
		B555C58325E8C0AE001A5095 /* Sources */ = {
			isa = PBXSourcesBuildPhase;
			buildActionMask = 2147483647;
			files = (
				B555C58C25E8C0AE001A5095 /* app4_Abdinajib_MohamedTests.swift in Sources */,
			);
			runOnlyForDeploymentPostprocessing = 0;
		};
		B555C58E25E8C0AE001A5095 /* Sources */ = {
			isa = PBXSourcesBuildPhase;
			buildActionMask = 2147483647;
			files = (
				B555C59725E8C0AE001A5095 /* app4_Abdinajib_MohamedUITests.swift in Sources */,
			);
			runOnlyForDeploymentPostprocessing = 0;
		};
/* End PBXSourcesBuildPhase section */

/* Begin PBXTargetDependency section */
		B555C58925E8C0AE001A5095 /* PBXTargetDependency */ = {
			isa = PBXTargetDependency;
			target = B555C57025E8C09B001A5095 /* app4-Abdinajib-Mohamed */;
			targetProxy = B555C58825E8C0AE001A5095 /* PBXContainerItemProxy */;
		};
		B555C59425E8C0AE001A5095 /* PBXTargetDependency */ = {
			isa = PBXTargetDependency;
			target = B555C57025E8C09B001A5095 /* app4-Abdinajib-Mohamed */;
			targetProxy = B555C59325E8C0AE001A5095 /* PBXContainerItemProxy */;
		};
/* End PBXTargetDependency section */

/* Begin PBXVariantGroup section */
		B555C57A25E8C09B001A5095 /* Main.storyboard */ = {
			isa = PBXVariantGroup;
			children = (
				B555C57B25E8C09B001A5095 /* Base */,
			);
			name = Main.storyboard;
			sourceTree = "<group>";
		};
		B555C57F25E8C0AD001A5095 /* LaunchScreen.storyboard */ = {
			isa = PBXVariantGroup;
			children = (
				B555C58025E8C0AD001A5095 /* Base */,
			);
			name = LaunchScreen.storyboard;
			sourceTree = "<group>";
		};
/* End PBXVariantGroup section */

/* Begin XCBuildConfiguration section */
		B555C59925E8C0AE001A5095 /* Debug */ = {
			isa = XCBuildConfiguration;
			buildSettings = {
				ALWAYS_SEARCH_USER_PATHS = NO;
				CLANG_ANALYZER_NONNULL = YES;
				CLANG_ANALYZER_NUMBER_OBJECT_CONVERSION = YES_AGGRESSIVE;
				CLANG_CXX_LANGUAGE_STANDARD = "gnu++14";
				CLANG_CXX_LIBRARY = "libc++";
				CLANG_ENABLE_MODULES = YES;
				CLANG_ENABLE_OBJC_ARC = YES;
				CLANG_ENABLE_OBJC_WEAK = YES;
				CLANG_WARN_BLOCK_CAPTURE_AUTORELEASING = YES;
				CLANG_WARN_BOOL_CONVERSION = YES;
				CLANG_WARN_COMMA = YES;
				CLANG_WARN_CONSTANT_CONVERSION = YES;
				CLANG_WARN_DEPRECATED_OBJC_IMPLEMENTATIONS = YES;
				CLANG_WARN_DIRECT_OBJC_ISA_USAGE = YES_ERROR;
				CLANG_WARN_DOCUMENTATION_COMMENTS = YES;
				CLANG_WARN_EMPTY_BODY = YES;
				CLANG_WARN_ENUM_CONVERSION = YES;
				CLANG_WARN_INFINITE_RECURSION = YES;
				CLANG_WARN_INT_CONVERSION = YES;
				CLANG_WARN_NON_LITERAL_NULL_CONVERSION = YES;
				CLANG_WARN_OBJC_IMPLICIT_RETAIN_SELF = YES;
				CLANG_WARN_OBJC_LITERAL_CONVERSION = YES;
				CLANG_WARN_OBJC_ROOT_CLASS = YES_ERROR;
				CLANG_WARN_QUOTED_INCLUDE_IN_FRAMEWORK_HEADER = YES;
				CLANG_WARN_RANGE_LOOP_ANALYSIS = YES;
				CLANG_WARN_STRICT_PROTOTYPES = YES;
				CLANG_WARN_SUSPICIOUS_MOVE = YES;
				CLANG_WARN_UNGUARDED_AVAILABILITY = YES_AGGRESSIVE;
				CLANG_WARN_UNREACHABLE_CODE = YES;
				CLANG_WARN__DUPLICATE_METHOD_MATCH = YES;
				COPY_PHASE_STRIP = NO;
				DEBUG_INFORMATION_FORMAT = dwarf;
				ENABLE_STRICT_OBJC_MSGSEND = YES;
				ENABLE_TESTABILITY = YES;
				GCC_C_LANGUAGE_STANDARD = gnu11;
				GCC_DYNAMIC_NO_PIC = NO;
				GCC_NO_COMMON_BLOCKS = YES;
				GCC_OPTIMIZATION_LEVEL = 0;
				GCC_PREPROCESSOR_DEFINITIONS = (
					"DEBUG=1",
					"$(inherited)",
				);
				GCC_WARN_64_TO_32_BIT_CONVERSION = YES;
				GCC_WARN_ABOUT_RETURN_TYPE = YES_ERROR;
				GCC_WARN_UNDECLARED_SELECTOR = YES;
				GCC_WARN_UNINITIALIZED_AUTOS = YES_AGGRESSIVE;
				GCC_WARN_UNUSED_FUNCTION = YES;
				GCC_WARN_UNUSED_VARIABLE = YES;
				IPHONEOS_DEPLOYMENT_TARGET = 14.4;
				MTL_ENABLE_DEBUG_INFO = INCLUDE_SOURCE;
				MTL_FAST_MATH = YES;
				ONLY_ACTIVE_ARCH = YES;
				SDKROOT = iphoneos;
				SWIFT_ACTIVE_COMPILATION_CONDITIONS = DEBUG;
				SWIFT_OPTIMIZATION_LEVEL = "-Onone";
			};
			name = Debug;
		};
		B555C59A25E8C0AE001A5095 /* Release */ = {
			isa = XCBuildConfiguration;
			buildSettings = {
				ALWAYS_SEARCH_USER_PATHS = NO;
				CLANG_ANALYZER_NONNULL = YES;
				CLANG_ANALYZER_NUMBER_OBJECT_CONVERSION = YES_AGGRESSIVE;
				CLANG_CXX_LANGUAGE_STANDARD = "gnu++14";
				CLANG_CXX_LIBRARY = "libc++";
				CLANG_ENABLE_MODULES = YES;
				CLANG_ENABLE_OBJC_ARC = YES;
				CLANG_ENABLE_OBJC_WEAK = YES;
				CLANG_WARN_BLOCK_CAPTURE_AUTORELEASING = YES;
				CLANG_WARN_BOOL_CONVERSION = YES;
				CLANG_WARN_COMMA = YES;
				CLANG_WARN_CONSTANT_CONVERSION = YES;
				CLANG_WARN_DEPRECATED_OBJC_IMPLEMENTATIONS = YES;
				CLANG_WARN_DIRECT_OBJC_ISA_USAGE = YES_ERROR;
				CLANG_WARN_DOCUMENTATION_COMMENTS = YES;
				CLANG_WARN_EMPTY_BODY = YES;
				CLANG_WARN_ENUM_CONVERSION = YES;
				CLANG_WARN_INFINITE_RECURSION = YES;
				CLANG_WARN_INT_CONVERSION = YES;
				CLANG_WARN_NON_LITERAL_NULL_CONVERSION = YES;
				CLANG_WARN_OBJC_IMPLICIT_RETAIN_SELF = YES;
				CLANG_WARN_OBJC_LITERAL_CONVERSION = YES;
				CLANG_WARN_OBJC_ROOT_CLASS = YES_ERROR;
				CLANG_WARN_QUOTED_INCLUDE_IN_FRAMEWORK_HEADER = YES;
				CLANG_WARN_RANGE_LOOP_ANALYSIS = YES;
				CLANG_WARN_STRICT_PROTOTYPES = YES;
				CLANG_WARN_SUSPICIOUS_MOVE = YES;
				CLANG_WARN_UNGUARDED_AVAILABILITY = YES_AGGRESSIVE;
				CLANG_WARN_UNREACHABLE_CODE = YES;
				CLANG_WARN__DUPLICATE_METHOD_MATCH = YES;
				COPY_PHASE_STRIP = NO;
				DEBUG_INFORMATION_FORMAT = "dwarf-with-dsym";
				ENABLE_NS_ASSERTIONS = NO;
				ENABLE_STRICT_OBJC_MSGSEND = YES;
				GCC_C_LANGUAGE_STANDARD = gnu11;
				GCC_NO_COMMON_BLOCKS = YES;
				GCC_WARN_64_TO_32_BIT_CONVERSION = YES;
				GCC_WARN_ABOUT_RETURN_TYPE = YES_ERROR;
				GCC_WARN_UNDECLARED_SELECTOR = YES;
				GCC_WARN_UNINITIALIZED_AUTOS = YES_AGGRESSIVE;
				GCC_WARN_UNUSED_FUNCTION = YES;
				GCC_WARN_UNUSED_VARIABLE = YES;
				IPHONEOS_DEPLOYMENT_TARGET = 14.4;
				MTL_ENABLE_DEBUG_INFO = NO;
				MTL_FAST_MATH = YES;
				SDKROOT = iphoneos;
				SWIFT_COMPILATION_MODE = wholemodule;
				SWIFT_OPTIMIZATION_LEVEL = "-O";
				VALIDATE_PRODUCT = YES;
			};
			name = Release;
		};
		B555C59C25E8C0AE001A5095 /* Debug */ = {
			isa = XCBuildConfiguration;
			buildSettings = {
				ASSETCATALOG_COMPILER_APPICON_NAME = AppIcon;
				ASSETCATALOG_COMPILER_GLOBAL_ACCENT_COLOR_NAME = AccentColor;
				CODE_SIGN_STYLE = Automatic;
				INFOPLIST_FILE = "app4-Abdinajib-Mohamed/Info.plist";
				LD_RUNPATH_SEARCH_PATHS = (
					"$(inherited)",
					"@executable_path/Frameworks",
				);
				PRODUCT_BUNDLE_IDENTIFIER = "Juegos.app4-Abdinajib-Mohamed";
				PRODUCT_NAME = "$(TARGET_NAME)";
				SWIFT_VERSION = 5.0;
				TARGETED_DEVICE_FAMILY = "1,2";
			};
			name = Debug;
		};
		B555C59D25E8C0AE001A5095 /* Release */ = {
			isa = XCBuildConfiguration;
			buildSettings = {
				ASSETCATALOG_COMPILER_APPICON_NAME = AppIcon;
				ASSETCATALOG_COMPILER_GLOBAL_ACCENT_COLOR_NAME = AccentColor;
				CODE_SIGN_STYLE = Automatic;
				INFOPLIST_FILE = "app4-Abdinajib-Mohamed/Info.plist";
				LD_RUNPATH_SEARCH_PATHS = (
					"$(inherited)",
					"@executable_path/Frameworks",
				);
				PRODUCT_BUNDLE_IDENTIFIER = "Juegos.app4-Abdinajib-Mohamed";
				PRODUCT_NAME = "$(TARGET_NAME)";
				SWIFT_VERSION = 5.0;
				TARGETED_DEVICE_FAMILY = "1,2";
			};
			name = Release;
		};
		B555C59F25E8C0AE001A5095 /* Debug */ = {
			isa = XCBuildConfiguration;
			buildSettings = {
				ALWAYS_EMBED_SWIFT_STANDARD_LIBRARIES = YES;
				BUNDLE_LOADER = "$(TEST_HOST)";
				CODE_SIGN_STYLE = Automatic;
				INFOPLIST_FILE = "app4-Abdinajib-MohamedTests/Info.plist";
				IPHONEOS_DEPLOYMENT_TARGET = 14.4;
				LD_RUNPATH_SEARCH_PATHS = (
					"$(inherited)",
					"@executable_path/Frameworks",
					"@loader_path/Frameworks",
				);
				PRODUCT_BUNDLE_IDENTIFIER = "Juegos.app4-Abdinajib-MohamedTests";
				PRODUCT_NAME = "$(TARGET_NAME)";
				SWIFT_VERSION = 5.0;
				TARGETED_DEVICE_FAMILY = "1,2";
				TEST_HOST = "$(BUILT_PRODUCTS_DIR)/app4-Abdinajib-Mohamed.app/app4-Abdinajib-Mohamed";
			};
			name = Debug;
		};
		B555C5A025E8C0AE001A5095 /* Release */ = {
			isa = XCBuildConfiguration;
			buildSettings = {
				ALWAYS_EMBED_SWIFT_STANDARD_LIBRARIES = YES;
				BUNDLE_LOADER = "$(TEST_HOST)";
				CODE_SIGN_STYLE = Automatic;
				INFOPLIST_FILE = "app4-Abdinajib-MohamedTests/Info.plist";
				IPHONEOS_DEPLOYMENT_TARGET = 14.4;
				LD_RUNPATH_SEARCH_PATHS = (
					"$(inherited)",
					"@executable_path/Frameworks",
					"@loader_path/Frameworks",
				);
				PRODUCT_BUNDLE_IDENTIFIER = "Juegos.app4-Abdinajib-MohamedTests";
				PRODUCT_NAME = "$(TARGET_NAME)";
				SWIFT_VERSION = 5.0;
				TARGETED_DEVICE_FAMILY = "1,2";
				TEST_HOST = "$(BUILT_PRODUCTS_DIR)/app4-Abdinajib-Mohamed.app/app4-Abdinajib-Mohamed";
			};
			name = Release;
		};
		B555C5A225E8C0AE001A5095 /* Debug */ = {
			isa = XCBuildConfiguration;
			buildSettings = {
				ALWAYS_EMBED_SWIFT_STANDARD_LIBRARIES = YES;
				CODE_SIGN_STYLE = Automatic;
				INFOPLIST_FILE = "app4-Abdinajib-MohamedUITests/Info.plist";
				LD_RUNPATH_SEARCH_PATHS = (
					"$(inherited)",
					"@executable_path/Frameworks",
					"@loader_path/Frameworks",
				);
				PRODUCT_BUNDLE_IDENTIFIER = "Juegos.app4-Abdinajib-MohamedUITests";
				PRODUCT_NAME = "$(TARGET_NAME)";
				SWIFT_VERSION = 5.0;
				TARGETED_DEVICE_FAMILY = "1,2";
				TEST_TARGET_NAME = "app4-Abdinajib-Mohamed";
			};
			name = Debug;
		};
		B555C5A325E8C0AE001A5095 /* Release */ = {
			isa = XCBuildConfiguration;
			buildSettings = {
				ALWAYS_EMBED_SWIFT_STANDARD_LIBRARIES = YES;
				CODE_SIGN_STYLE = Automatic;
				INFOPLIST_FILE = "app4-Abdinajib-MohamedUITests/Info.plist";
				LD_RUNPATH_SEARCH_PATHS = (
					"$(inherited)",
					"@executable_path/Frameworks",
					"@loader_path/Frameworks",
				);
				PRODUCT_BUNDLE_IDENTIFIER = "Juegos.app4-Abdinajib-MohamedUITests";
				PRODUCT_NAME = "$(TARGET_NAME)";
				SWIFT_VERSION = 5.0;
				TARGETED_DEVICE_FAMILY = "1,2";
				TEST_TARGET_NAME = "app4-Abdinajib-Mohamed";
			};
			name = Release;
		};
/* End XCBuildConfiguration section */

/* Begin XCConfigurationList section */
		B555C56C25E8C09B001A5095 /* Build configuration list for PBXProject "app4-Abdinajib-Mohamed" */ = {
			isa = XCConfigurationList;
			buildConfigurations = (
				B555C59925E8C0AE001A5095 /* Debug */,
				B555C59A25E8C0AE001A5095 /* Release */,
			);
			defaultConfigurationIsVisible = 0;
			defaultConfigurationName = Release;
		};
		B555C59B25E8C0AE001A5095 /* Build configuration list for PBXNativeTarget "app4-Abdinajib-Mohamed" */ = {
			isa = XCConfigurationList;
			buildConfigurations = (
				B555C59C25E8C0AE001A5095 /* Debug */,
				B555C59D25E8C0AE001A5095 /* Release */,
			);
			defaultConfigurationIsVisible = 0;
			defaultConfigurationName = Release;
		};
		B555C59E25E8C0AE001A5095 /* Build configuration list for PBXNativeTarget "app4-Abdinajib-MohamedTests" */ = {
			isa = XCConfigurationList;
			buildConfigurations = (
				B555C59F25E8C0AE001A5095 /* Debug */,
				B555C5A025E8C0AE001A5095 /* Release */,
			);
			defaultConfigurationIsVisible = 0;
			defaultConfigurationName = Release;
		};
		B555C5A125E8C0AE001A5095 /* Build configuration list for PBXNativeTarget "app4-Abdinajib-MohamedUITests" */ = {
			isa = XCConfigurationList;
			buildConfigurations = (
				B555C5A225E8C0AE001A5095 /* Debug */,
				B555C5A325E8C0AE001A5095 /* Release */,
			);
			defaultConfigurationIsVisible = 0;
			defaultConfigurationName = Release;
		};
/* End XCConfigurationList section */
	};
	rootObject = B555C56925E8C09B001A5095 /* Project object */;
}
